
Microsoft Visual Studio Solution File, Format Version 12.00
# Visual Studio 15
VisualStudioVersion = 15.0.28307.168
MinimumVisualStudioVersion = 10.0.40219.1
Project("{FAE04EC0-301F-11D3-BF4B-00C04F79EFBC}") = "GeneratorTestow", "GeneratorTestow\GeneratorTestow.csproj", "{B9EE25B5-3481-4295-9E24-09566A7D7F47}"
EndProject
Project("{FAE04EC0-301F-11D3-BF4B-00C04F79EFBC}") = "Test", "Test\Test.csproj", "{8EA5BA49-2D7A-4325-9E20-0FA2E900E59B}"
EndProject
Project("{2150E333-8FDC-42A3-9474-1A3956D46DE8}") = "Solution Items", "Solution Items", "{FFEDFE61-2894-4B15-B697-37CE40C23D91}"
	ProjectSection(SolutionItems) = preProject
		XMLtest.xml = XMLtest.xml
	EndProjectSection
EndProject
Project("{FAE04EC0-301F-11D3-BF4B-00C04F79EFBC}") = "testLibrary", "testLibrary\testLibrary.csproj", "{2CA83AD8-5B30-4161-944E-6689864030C0}"
EndProject
Global
	GlobalSection(SolutionConfigurationPlatforms) = preSolution
		Debug|Any CPU = Debug|Any CPU
		Release|Any CPU = Release|Any CPU
	EndGlobalSection
	GlobalSection(ProjectConfigurationPlatforms) = postSolution
		{B9EE25B5-3481-4295-9E24-09566A7D7F47}.Debug|Any CPU.ActiveCfg = Debug|Any CPU
		{B9EE25B5-3481-4295-9E24-09566A7D7F47}.Debug|Any CPU.Build.0 = Debug|Any CPU
		{B9EE25B5-3481-4295-9E24-09566A7D7F47}.Release|Any CPU.ActiveCfg = Release|Any CPU
		{B9EE25B5-3481-4295-9E24-09566A7D7F47}.Release|Any CPU.Build.0 = Release|Any CPU
		{8EA5BA49-2D7A-4325-9E20-0FA2E900E59B}.Debug|Any CPU.ActiveCfg = Debug|Any CPU
		{8EA5BA49-2D7A-4325-9E20-0FA2E900E59B}.Debug|Any CPU.Build.0 = Debug|Any CPU
		{8EA5BA49-2D7A-4325-9E20-0FA2E900E59B}.Release|Any CPU.ActiveCfg = Release|Any CPU
		{8EA5BA49-2D7A-4325-9E20-0FA2E900E59B}.Release|Any CPU.Build.0 = Release|Any CPU
		{2CA83AD8-5B30-4161-944E-6689864030C0}.Debug|Any CPU.ActiveCfg = Debug|Any CPU
		{2CA83AD8-5B30-4161-944E-6689864030C0}.Debug|Any CPU.Build.0 = Debug|Any CPU
		{2CA83AD8-5B30-4161-944E-6689864030C0}.Release|Any CPU.ActiveCfg = Release|Any CPU
		{2CA83AD8-5B30-4161-944E-6689864030C0}.Release|Any CPU.Build.0 = Release|Any CPU
	EndGlobalSection
	GlobalSection(SolutionProperties) = preSolution
		HideSolutionNode = FALSE
	EndGlobalSection
	GlobalSection(ExtensibilityGlobals) = postSolution
		SolutionGuid = {C93FC95A-E0F2-4A62-B1C8-38576A409C1A}
	EndGlobalSection
EndGlobal
